
Microsoft Visual Studio Solution File, Format Version 12.00
# Visual Studio Version 16
VisualStudioVersion = 16.0.30011.22
MinimumVisualStudioVersion = 10.0.40219.1
Project("{FAE04EC0-301F-11D3-BF4B-00C04F79EFBC}") = "StugoExample", "StugoExample\StugoExample.csproj", "{3ABDEFA1-4EAD-428B-B20A-68CBD7B49BDC}"
EndProject
Project("{FAE04EC0-301F-11D3-BF4B-00C04F79EFBC}") = "Ralfs_Stugor", "..\Ralfs_Stugor.csproj", "{E97F93BA-EA20-4896-8E21-006E0930E459}"
EndProject
Global
	GlobalSection(SolutionConfigurationPlatforms) = preSolution
		Debug|Any CPU = Debug|Any CPU
		Release|Any CPU = Release|Any CPU
	EndGlobalSection
	GlobalSection(ProjectConfigurationPlatforms) = postSolution
		{3ABDEFA1-4EAD-428B-B20A-68CBD7B49BDC}.Debug|Any CPU.ActiveCfg = Debug|Any CPU
		{3ABDEFA1-4EAD-428B-B20A-68CBD7B49BDC}.Debug|Any CPU.Build.0 = Debug|Any CPU
		{3ABDEFA1-4EAD-428B-B20A-68CBD7B49BDC}.Release|Any CPU.ActiveCfg = Release|Any CPU
		{3ABDEFA1-4EAD-428B-B20A-68CBD7B49BDC}.Release|Any CPU.Build.0 = Release|Any CPU
		{E97F93BA-EA20-4896-8E21-006E0930E459}.Debug|Any CPU.ActiveCfg = Debug|Any CPU
		{E97F93BA-EA20-4896-8E21-006E0930E459}.Debug|Any CPU.Build.0 = Debug|Any CPU
		{E97F93BA-EA20-4896-8E21-006E0930E459}.Release|Any CPU.ActiveCfg = Release|Any CPU
		{E97F93BA-EA20-4896-8E21-006E0930E459}.Release|Any CPU.Build.0 = Release|Any CPU
	EndGlobalSection
	GlobalSection(SolutionProperties) = preSolution
		HideSolutionNode = FALSE
	EndGlobalSection
	GlobalSection(ExtensibilityGlobals) = postSolution
		SolutionGuid = {42A4D99B-63AC-4E64-A359-8A29C5C1D933}
	EndGlobalSection
EndGlobal
